
Microsoft Visual Studio Solution File, Format Version 12.00
# Visual Studio Version 16
VisualStudioVersion = 16.0.30223.230
MinimumVisualStudioVersion = 10.0.40219.1
Project("{9A19103F-16F7-4668-BE54-9A1E7A4F7556}") = "MongoDB.Thin", "MongoDB.Thin\MongoDB.Thin.csproj", "{83436439-DBBB-494E-B51B-5B67F69561AF}"
EndProject
Project("{FAE04EC0-301F-11D3-BF4B-00C04F79EFBC}") = "MongoDB.Thin.Tests", "MongoDB.Thin.Tests\MongoDB.Thin.Tests.csproj", "{A4A7DB87-E15F-4B43-8FEA-1ACCC324A0CD}"
EndProject
Global
	GlobalSection(SolutionConfigurationPlatforms) = preSolution
		Debug|Any CPU = Debug|Any CPU
		Release|Any CPU = Release|Any CPU
	EndGlobalSection
	GlobalSection(ProjectConfigurationPlatforms) = postSolution
		{83436439-DBBB-494E-B51B-5B67F69561AF}.Debug|Any CPU.ActiveCfg = Debug|Any CPU
		{83436439-DBBB-494E-B51B-5B67F69561AF}.Debug|Any CPU.Build.0 = Debug|Any CPU
		{83436439-DBBB-494E-B51B-5B67F69561AF}.Release|Any CPU.ActiveCfg = Release|Any CPU
		{83436439-DBBB-494E-B51B-5B67F69561AF}.Release|Any CPU.Build.0 = Release|Any CPU
		{A4A7DB87-E15F-4B43-8FEA-1ACCC324A0CD}.Debug|Any CPU.ActiveCfg = Debug|Any CPU
		{A4A7DB87-E15F-4B43-8FEA-1ACCC324A0CD}.Debug|Any CPU.Build.0 = Debug|Any CPU
		{A4A7DB87-E15F-4B43-8FEA-1ACCC324A0CD}.Release|Any CPU.ActiveCfg = Release|Any CPU
		{A4A7DB87-E15F-4B43-8FEA-1ACCC324A0CD}.Release|Any CPU.Build.0 = Release|Any CPU
	EndGlobalSection
	GlobalSection(SolutionProperties) = preSolution
		HideSolutionNode = FALSE
	EndGlobalSection
	GlobalSection(ExtensibilityGlobals) = postSolution
		SolutionGuid = {B7A79BC3-62C5-45B8-A831-B916A454E8B8}
	EndGlobalSection
EndGlobal
